
Microsoft Visual Studio Solution File, Format Version 12.00
# Visual Studio Version 17
VisualStudioVersion = 17.11.35312.102
MinimumVisualStudioVersion = 10.0.40219.1
Project("{9A19103F-16F7-4668-BE54-9A1E7A4F7556}") = "OparinReact", "OparinReact.csproj", "{99B080EC-9292-473F-9397-1CC6B809A290}"
EndProject
Global
	GlobalSection(SolutionConfigurationPlatforms) = preSolution
		Debug|Any CPU = Debug|Any CPU
		Release|Any CPU = Release|Any CPU
	EndGlobalSection
	GlobalSection(ProjectConfigurationPlatforms) = postSolution
		{99B080EC-9292-473F-9397-1CC6B809A290}.Debug|Any CPU.ActiveCfg = Debug|Any CPU
		{99B080EC-9292-473F-9397-1CC6B809A290}.Debug|Any CPU.Build.0 = Debug|Any CPU
		{99B080EC-9292-473F-9397-1CC6B809A290}.Release|Any CPU.ActiveCfg = Release|Any CPU
		{99B080EC-9292-473F-9397-1CC6B809A290}.Release|Any CPU.Build.0 = Release|Any CPU
	EndGlobalSection
	GlobalSection(SolutionProperties) = preSolution
		HideSolutionNode = FALSE
	EndGlobalSection
	GlobalSection(ExtensibilityGlobals) = postSolution
		SolutionGuid = {B3117AC3-10BB-4DC2-8966-6716FDC2B3C5}
	EndGlobalSection
EndGlobal
